// !$*UTF8*$!
{
	archiveVersion = 1;
	classes = {
	};
	objectVersion = 46;
	objects = {

/* Begin PBXBuildFile section */
		1674B5A219E72DC200D2DBB3 /* main.m in Sources */ = {isa = PBXBuildFile; fileRef = 1674B5A119E72DC200D2DBB3 /* main.m */; };
		1674B5A519E72DC200D2DBB3 /* AppDelegate.m in Sources */ = {isa = PBXBuildFile; fileRef = 1674B5A419E72DC200D2DBB3 /* AppDelegate.m */; };
		1674B5A819E72DC200D2DBB3 /* ViewController.m in Sources */ = {isa = PBXBuildFile; fileRef = 1674B5A719E72DC200D2DBB3 /* ViewController.m */; };
		1674B5AB19E72DC200D2DBB3 /* Main.storyboard in Resources */ = {isa = PBXBuildFile; fileRef = 1674B5A919E72DC200D2DBB3 /* Main.storyboard */; };
		1674B5AD19E72DC200D2DBB3 /* Images.xcassets in Resources */ = {isa = PBXBuildFile; fileRef = 1674B5AC19E72DC200D2DBB3 /* Images.xcassets */; };
		1674B5B019E72DC200D2DBB3 /* LaunchScreen.xib in Resources */ = {isa = PBXBuildFile; fileRef = 1674B5AE19E72DC200D2DBB3 /* LaunchScreen.xib */; };
		1674B5BC19E72DC200D2DBB3 /* LionsAndTigersTests.m in Sources */ = {isa = PBXBuildFile; fileRef = 1674B5BB19E72DC200D2DBB3 /* LionsAndTigersTests.m */; };
		1674B5C719E733C300D2DBB3 /* TopViewController.m in Sources */ = {isa = PBXBuildFile; fileRef = 1674B5C619E733C300D2DBB3 /* TopViewController.m */; };
		1674B5CA19E7350500D2DBB3 /* HudViewController.m in Sources */ = {isa = PBXBuildFile; fileRef = 1674B5C919E7350500D2DBB3 /* HudViewController.m */; };
		1674B5CD19E76A7500D2DBB3 /* CustomCollectionViewCell.m in Sources */ = {isa = PBXBuildFile; fileRef = 1674B5CC19E76A7500D2DBB3 /* CustomCollectionViewCell.m */; };
/* End PBXBuildFile section */

/* Begin PBXContainerItemProxy section */
		1674B5B619E72DC200D2DBB3 /* PBXContainerItemProxy */ = {
			isa = PBXContainerItemProxy;
			containerPortal = 1674B59419E72DC200D2DBB3 /* Project object */;
			proxyType = 1;
			remoteGlobalIDString = 1674B59B19E72DC200D2DBB3;
			remoteInfo = LionsAndTigers;
		};
/* End PBXContainerItemProxy section */

/* Begin PBXFileReference section */
		1674B59C19E72DC200D2DBB3 /* LionsAndTigers.app */ = {isa = PBXFileReference; explicitFileType = wrapper.application; includeInIndex = 0; path = LionsAndTigers.app; sourceTree = BUILT_PRODUCTS_DIR; };
		1674B5A019E72DC200D2DBB3 /* Info.plist */ = {isa = PBXFileReference; lastKnownFileType = text.plist.xml; path = Info.plist; sourceTree = "<group>"; };
		1674B5A119E72DC200D2DBB3 /* main.m */ = {isa = PBXFileReference; lastKnownFileType = sourcecode.c.objc; path = main.m; sourceTree = "<group>"; };
		1674B5A319E72DC200D2DBB3 /* AppDelegate.h */ = {isa = PBXFileReference; lastKnownFileType = sourcecode.c.h; path = AppDelegate.h; sourceTree = "<group>"; };
		1674B5A419E72DC200D2DBB3 /* AppDelegate.m */ = {isa = PBXFileReference; lastKnownFileType = sourcecode.c.objc; path = AppDelegate.m; sourceTree = "<group>"; };
		1674B5A619E72DC200D2DBB3 /* ViewController.h */ = {isa = PBXFileReference; lastKnownFileType = sourcecode.c.h; path = ViewController.h; sourceTree = "<group>"; };
		1674B5A719E72DC200D2DBB3 /* ViewController.m */ = {isa = PBXFileReference; lastKnownFileType = sourcecode.c.objc; path = ViewController.m; sourceTree = "<group>"; };
		1674B5AA19E72DC200D2DBB3 /* Base */ = {isa = PBXFileReference; lastKnownFileType = file.storyboard; name = Base; path = Base.lproj/Main.storyboard; sourceTree = "<group>"; };
		1674B5AC19E72DC200D2DBB3 /* Images.xcassets */ = {isa = PBXFileReference; lastKnownFileType = folder.assetcatalog; path = Images.xcassets; sourceTree = "<group>"; };
		1674B5AF19E72DC200D2DBB3 /* Base */ = {isa = PBXFileReference; lastKnownFileType = file.xib; name = Base; path = Base.lproj/LaunchScreen.xib; sourceTree = "<group>"; };
		1674B5B519E72DC200D2DBB3 /* LionsAndTigersTests.xctest */ = {isa = PBXFileReference; explicitFileType = wrapper.cfbundle; includeInIndex = 0; path = LionsAndTigersTests.xctest; sourceTree = BUILT_PRODUCTS_DIR; };
		1674B5BA19E72DC200D2DBB3 /* Info.plist */ = {isa = PBXFileReference; lastKnownFileType = text.plist.xml; path = Info.plist; sourceTree = "<group>"; };
		1674B5BB19E72DC200D2DBB3 /* LionsAndTigersTests.m */ = {isa = PBXFileReference; lastKnownFileType = sourcecode.c.objc; path = LionsAndTigersTests.m; sourceTree = "<group>"; };
		1674B5C519E733C300D2DBB3 /* TopViewController.h */ = {isa = PBXFileReference; fileEncoding = 4; lastKnownFileType = sourcecode.c.h; path = TopViewController.h; sourceTree = "<group>"; };
		1674B5C619E733C300D2DBB3 /* TopViewController.m */ = {isa = PBXFileReference; fileEncoding = 4; lastKnownFileType = sourcecode.c.objc; path = TopViewController.m; sourceTree = "<group>"; };
		1674B5C819E7350500D2DBB3 /* HudViewController.h */ = {isa = PBXFileReference; fileEncoding = 4; lastKnownFileType = sourcecode.c.h; path = HudViewController.h; sourceTree = "<group>"; };
		1674B5C919E7350500D2DBB3 /* HudViewController.m */ = {isa = PBXFileReference; fileEncoding = 4; lastKnownFileType = sourcecode.c.objc; path = HudViewController.m; sourceTree = "<group>"; };
		1674B5CB19E76A7500D2DBB3 /* CustomCollectionViewCell.h */ = {isa = PBXFileReference; fileEncoding = 4; lastKnownFileType = sourcecode.c.h; path = CustomCollectionViewCell.h; sourceTree = "<group>"; };
		1674B5CC19E76A7500D2DBB3 /* CustomCollectionViewCell.m */ = {isa = PBXFileReference; fileEncoding = 4; lastKnownFileType = sourcecode.c.objc; path = CustomCollectionViewCell.m; sourceTree = "<group>"; };
/* End PBXFileReference section */

/* Begin PBXFrameworksBuildPhase section */
		1674B59919E72DC200D2DBB3 /* Frameworks */ = {
			isa = PBXFrameworksBuildPhase;
			buildActionMask = 2147483647;
			files = (
			);
			runOnlyForDeploymentPostprocessing = 0;
		};
		1674B5B219E72DC200D2DBB3 /* Frameworks */ = {
			isa = PBXFrameworksBuildPhase;
			buildActionMask = 2147483647;
			files = (
			);
			runOnlyForDeploymentPostprocessing = 0;
		};
/* End PBXFrameworksBuildPhase section */

/* Begin PBXGroup section */
		1674B59319E72DC200D2DBB3 = {
			isa = PBXGroup;
			children = (
				1674B59E19E72DC200D2DBB3 /* LionsAndTigers */,
				1674B5B819E72DC200D2DBB3 /* LionsAndTigersTests */,
				1674B59D19E72DC200D2DBB3 /* Products */,
			);
			sourceTree = "<group>";
		};
		1674B59D19E72DC200D2DBB3 /* Products */ = {
			isa = PBXGroup;
			children = (
				1674B59C19E72DC200D2DBB3 /* LionsAndTigers.app */,
				1674B5B519E72DC200D2DBB3 /* LionsAndTigersTests.xctest */,
			);
			name = Products;
			sourceTree = "<group>";
		};
		1674B59E19E72DC200D2DBB3 /* LionsAndTigers */ = {
			isa = PBXGroup;
			children = (
				1674B5A319E72DC200D2DBB3 /* AppDelegate.h */,
				1674B5A419E72DC200D2DBB3 /* AppDelegate.m */,
				1674B5A619E72DC200D2DBB3 /* ViewController.h */,
				1674B5A719E72DC200D2DBB3 /* ViewController.m */,
				1674B5A919E72DC200D2DBB3 /* Main.storyboard */,
				1674B5CB19E76A7500D2DBB3 /* CustomCollectionViewCell.h */,
				1674B5CC19E76A7500D2DBB3 /* CustomCollectionViewCell.m */,
				1674B5C819E7350500D2DBB3 /* HudViewController.h */,
				1674B5C919E7350500D2DBB3 /* HudViewController.m */,
				1674B5C519E733C300D2DBB3 /* TopViewController.h */,
				1674B5C619E733C300D2DBB3 /* TopViewController.m */,
				1674B5AC19E72DC200D2DBB3 /* Images.xcassets */,
				1674B5AE19E72DC200D2DBB3 /* LaunchScreen.xib */,
				1674B59F19E72DC200D2DBB3 /* Supporting Files */,
			);
			path = LionsAndTigers;
			sourceTree = "<group>";
		};
		1674B59F19E72DC200D2DBB3 /* Supporting Files */ = {
			isa = PBXGroup;
			children = (
				1674B5A019E72DC200D2DBB3 /* Info.plist */,
				1674B5A119E72DC200D2DBB3 /* main.m */,
			);
			name = "Supporting Files";
			sourceTree = "<group>";
		};
		1674B5B819E72DC200D2DBB3 /* LionsAndTigersTests */ = {
			isa = PBXGroup;
			children = (
				1674B5BB19E72DC200D2DBB3 /* LionsAndTigersTests.m */,
				1674B5B919E72DC200D2DBB3 /* Supporting Files */,
			);
			path = LionsAndTigersTests;
			sourceTree = "<group>";
		};
		1674B5B919E72DC200D2DBB3 /* Supporting Files */ = {
			isa = PBXGroup;
			children = (
				1674B5BA19E72DC200D2DBB3 /* Info.plist */,
			);
			name = "Supporting Files";
			sourceTree = "<group>";
		};
/* End PBXGroup section */

/* Begin PBXNativeTarget section */
		1674B59B19E72DC200D2DBB3 /* LionsAndTigers */ = {
			isa = PBXNativeTarget;
			buildConfigurationList = 1674B5BF19E72DC200D2DBB3 /* Build configuration list for PBXNativeTarget "LionsAndTigers" */;
			buildPhases = (
				1674B59819E72DC200D2DBB3 /* Sources */,
				1674B59919E72DC200D2DBB3 /* Frameworks */,
				1674B59A19E72DC200D2DBB3 /* Resources */,
			);
			buildRules = (
			);
			dependencies = (
			);
			name = LionsAndTigers;
			productName = LionsAndTigers;
			productReference = 1674B59C19E72DC200D2DBB3 /* LionsAndTigers.app */;
			productType = "com.apple.product-type.application";
		};
		1674B5B419E72DC200D2DBB3 /* LionsAndTigersTests */ = {
			isa = PBXNativeTarget;
			buildConfigurationList = 1674B5C219E72DC200D2DBB3 /* Build configuration list for PBXNativeTarget "LionsAndTigersTests" */;
			buildPhases = (
				1674B5B119E72DC200D2DBB3 /* Sources */,
				1674B5B219E72DC200D2DBB3 /* Frameworks */,
				1674B5B319E72DC200D2DBB3 /* Resources */,
			);
			buildRules = (
			);
			dependencies = (
				1674B5B719E72DC200D2DBB3 /* PBXTargetDependency */,
			);
			name = LionsAndTigersTests;
			productName = LionsAndTigersTests;
			productReference = 1674B5B519E72DC200D2DBB3 /* LionsAndTigersTests.xctest */;
			productType = "com.apple.product-type.bundle.unit-test";
		};
/* End PBXNativeTarget section */

/* Begin PBXProject section */
		1674B59419E72DC200D2DBB3 /* Project object */ = {
			isa = PBXProject;
			attributes = {
				LastUpgradeCheck = 0600;
				ORGANIZATIONNAME = "Wade Sellers";
				TargetAttributes = {
					1674B59B19E72DC200D2DBB3 = {
						CreatedOnToolsVersion = 6.0.1;
					};
					1674B5B419E72DC200D2DBB3 = {
						CreatedOnToolsVersion = 6.0.1;
						TestTargetID = 1674B59B19E72DC200D2DBB3;
					};
				};
			};
			buildConfigurationList = 1674B59719E72DC200D2DBB3 /* Build configuration list for PBXProject "LionsAndTigers" */;
			compatibilityVersion = "Xcode 3.2";
			developmentRegion = English;
			hasScannedForEncodings = 0;
			knownRegions = (
				en,
				Base,
			);
			mainGroup = 1674B59319E72DC200D2DBB3;
			productRefGroup = 1674B59D19E72DC200D2DBB3 /* Products */;
			projectDirPath = "";
			projectRoot = "";
			targets = (
				1674B59B19E72DC200D2DBB3 /* LionsAndTigers */,
				1674B5B419E72DC200D2DBB3 /* LionsAndTigersTests */,
			);
		};
/* End PBXProject section */

/* Begin PBXResourcesBuildPhase section */
		1674B59A19E72DC200D2DBB3 /* Resources */ = {
			isa = PBXResourcesBuildPhase;
			buildActionMask = 2147483647;
			files = (
				1674B5AB19E72DC200D2DBB3 /* Main.storyboard in Resources */,
				1674B5B019E72DC200D2DBB3 /* LaunchScreen.xib in Resources */,
				1674B5AD19E72DC200D2DBB3 /* Images.xcassets in Resources */,
			);
			runOnlyForDeploymentPostprocessing = 0;
		};
		1674B5B319E72DC200D2DBB3 /* Resources */ = {
			isa = PBXResourcesBuildPhase;
			buildActionMask = 2147483647;
			files = (
			);
			runOnlyForDeploymentPostprocessing = 0;
		};
/* End PBXResourcesBuildPhase section */

/* Begin PBXSourcesBuildPhase section */
		1674B59819E72DC200D2DBB3 /* Sources */ = {
			isa = PBXSourcesBuildPhase;
			buildActionMask = 2147483647;
			files = (
				1674B5C719E733C300D2DBB3 /* TopViewController.m in Sources */,
				1674B5A819E72DC200D2DBB3 /* ViewController.m in Sources */,
				1674B5A519E72DC200D2DBB3 /* AppDelegate.m in Sources */,
				1674B5CD19E76A7500D2DBB3 /* CustomCollectionViewCell.m in Sources */,
				1674B5CA19E7350500D2DBB3 /* HudViewController.m in Sources */,
				1674B5A219E72DC200D2DBB3 /* main.m in Sources */,
			);
			runOnlyForDeploymentPostprocessing = 0;
		};
		1674B5B119E72DC200D2DBB3 /* Sources */ = {
			isa = PBXSourcesBuildPhase;
			buildActionMask = 2147483647;
			files = (
				1674B5BC19E72DC200D2DBB3 /* LionsAndTigersTests.m in Sources */,
			);
			runOnlyForDeploymentPostprocessing = 0;
		};
/* End PBXSourcesBuildPhase section */

/* Begin PBXTargetDependency section */
		1674B5B719E72DC200D2DBB3 /* PBXTargetDependency */ = {
			isa = PBXTargetDependency;
			target = 1674B59B19E72DC200D2DBB3 /* LionsAndTigers */;
			targetProxy = 1674B5B619E72DC200D2DBB3 /* PBXContainerItemProxy */;
		};
/* End PBXTargetDependency section */

/* Begin PBXVariantGroup section */
		1674B5A919E72DC200D2DBB3 /* Main.storyboard */ = {
			isa = PBXVariantGroup;
			children = (
				1674B5AA19E72DC200D2DBB3 /* Base */,
			);
			name = Main.storyboard;
			sourceTree = "<group>";
		};
		1674B5AE19E72DC200D2DBB3 /* LaunchScreen.xib */ = {
			isa = PBXVariantGroup;
			children = (
				1674B5AF19E72DC200D2DBB3 /* Base */,
			);
			name = LaunchScreen.xib;
			sourceTree = "<group>";
		};
/* End PBXVariantGroup section */

/* Begin XCBuildConfiguration section */
		1674B5BD19E72DC200D2DBB3 /* Debug */ = {
			isa = XCBuildConfiguration;
			buildSettings = {
				ALWAYS_SEARCH_USER_PATHS = NO;
				CLANG_CXX_LANGUAGE_STANDARD = "gnu++0x";
				CLANG_CXX_LIBRARY = "libc++";
				CLANG_ENABLE_MODULES = YES;
				CLANG_ENABLE_OBJC_ARC = YES;
				CLANG_WARN_BOOL_CONVERSION = YES;
				CLANG_WARN_CONSTANT_CONVERSION = YES;
				CLANG_WARN_DIRECT_OBJC_ISA_USAGE = YES_ERROR;
				CLANG_WARN_EMPTY_BODY = YES;
				CLANG_WARN_ENUM_CONVERSION = YES;
				CLANG_WARN_INT_CONVERSION = YES;
				CLANG_WARN_OBJC_ROOT_CLASS = YES_ERROR;
				CLANG_WARN_UNREACHABLE_CODE = YES;
				CLANG_WARN__DUPLICATE_METHOD_MATCH = YES;
				"CODE_SIGN_IDENTITY[sdk=iphoneos*]" = "iPhone Developer";
				COPY_PHASE_STRIP = NO;
				ENABLE_STRICT_OBJC_MSGSEND = YES;
				GCC_C_LANGUAGE_STANDARD = gnu99;
				GCC_DYNAMIC_NO_PIC = NO;
				GCC_OPTIMIZATION_LEVEL = 0;
				GCC_PREPROCESSOR_DEFINITIONS = (
					"DEBUG=1",
					"$(inherited)",
				);
				GCC_SYMBOLS_PRIVATE_EXTERN = NO;
				GCC_WARN_64_TO_32_BIT_CONVERSION = YES;
				GCC_WARN_ABOUT_RETURN_TYPE = YES_ERROR;
				GCC_WARN_UNDECLARED_SELECTOR = YES;
				GCC_WARN_UNINITIALIZED_AUTOS = YES_AGGRESSIVE;
				GCC_WARN_UNUSED_FUNCTION = YES;
				GCC_WARN_UNUSED_VARIABLE = YES;
				IPHONEOS_DEPLOYMENT_TARGET = 8.0;
				MTL_ENABLE_DEBUG_INFO = YES;
				ONLY_ACTIVE_ARCH = YES;
				SDKROOT = iphoneos;
			};
			name = Debug;
		};
		1674B5BE19E72DC200D2DBB3 /* Release */ = {
			isa = XCBuildConfiguration;
			buildSettings = {
				ALWAYS_SEARCH_USER_PATHS = NO;
				CLANG_CXX_LANGUAGE_STANDARD = "gnu++0x";
				CLANG_CXX_LIBRARY = "libc++";
				CLANG_ENABLE_MODULES = YES;
				CLANG_ENABLE_OBJC_ARC = YES;
				CLANG_WARN_BOOL_CONVERSION = YES;
				CLANG_WARN_CONSTANT_CONVERSION = YES;
				CLANG_WARN_DIRECT_OBJC_ISA_USAGE = YES_ERROR;
				CLANG_WARN_EMPTY_BODY = YES;
				CLANG_WARN_ENUM_CONVERSION = YES;
				CLANG_WARN_INT_CONVERSION = YES;
				CLANG_WARN_OBJC_ROOT_CLASS = YES_ERROR;
				CLANG_WARN_UNREACHABLE_CODE = YES;
				CLANG_WARN__DUPLICATE_METHOD_MATCH = YES;
				"CODE_SIGN_IDENTITY[sdk=iphoneos*]" = "iPhone Developer";
				COPY_PHASE_STRIP = YES;
				ENABLE_NS_ASSERTIONS = NO;
				ENABLE_STRICT_OBJC_MSGSEND = YES;
				GCC_C_LANGUAGE_STANDARD = gnu99;
				GCC_WARN_64_TO_32_BIT_CONVERSION = YES;
				GCC_WARN_ABOUT_RETURN_TYPE = YES_ERROR;
				GCC_WARN_UNDECLARED_SELECTOR = YES;
				GCC_WARN_UNINITIALIZED_AUTOS = YES_AGGRESSIVE;
				GCC_WARN_UNUSED_FUNCTION = YES;
				GCC_WARN_UNUSED_VARIABLE = YES;
				IPHONEOS_DEPLOYMENT_TARGET = 8.0;
				MTL_ENABLE_DEBUG_INFO = NO;
				SDKROOT = iphoneos;
				VALIDATE_PRODUCT = YES;
			};
			name = Release;
		};
		1674B5C019E72DC200D2DBB3 /* Debug */ = {
			isa = XCBuildConfiguration;
			buildSettings = {
				ASSETCATALOG_COMPILER_APPICON_NAME = AppIcon;
				INFOPLIST_FILE = LionsAndTigers/Info.plist;
				LD_RUNPATH_SEARCH_PATHS = "$(inherited) @executable_path/Frameworks";
				PRODUCT_NAME = "$(TARGET_NAME)";
			};
			name = Debug;
		};
		1674B5C119E72DC200D2DBB3 /* Release */ = {
			isa = XCBuildConfiguration;
			buildSettings = {
				ASSETCATALOG_COMPILER_APPICON_NAME = AppIcon;
				INFOPLIST_FILE = LionsAndTigers/Info.plist;
				LD_RUNPATH_SEARCH_PATHS = "$(inherited) @executable_path/Frameworks";
				PRODUCT_NAME = "$(TARGET_NAME)";
			};
			name = Release;
		};
		1674B5C319E72DC200D2DBB3 /* Debug */ = {
			isa = XCBuildConfiguration;
			buildSettings = {
				BUNDLE_LOADER = "$(TEST_HOST)";
				FRAMEWORK_SEARCH_PATHS = (
					"$(SDKROOT)/Developer/Library/Frameworks",
					"$(inherited)",
				);
				GCC_PREPROCESSOR_DEFINITIONS = (
					"DEBUG=1",
					"$(inherited)",
				);
				INFOPLIST_FILE = LionsAndTigersTests/Info.plist;
				LD_RUNPATH_SEARCH_PATHS = "$(inherited) @executable_path/Frameworks @loader_path/Frameworks";
				PRODUCT_NAME = "$(TARGET_NAME)";
				TEST_HOST = "$(BUILT_PRODUCTS_DIR)/LionsAndTigers.app/LionsAndTigers";
			};
			name = Debug;
		};
		1674B5C419E72DC200D2DBB3 /* Release */ = {
			isa = XCBuildConfiguration;
			buildSettings = {
				BUNDLE_LOADER = "$(TEST_HOST)";
				FRAMEWORK_SEARCH_PATHS = (
					"$(SDKROOT)/Developer/Library/Frameworks",
					"$(inherited)",
				);
				INFOPLIST_FILE = LionsAndTigersTests/Info.plist;
				LD_RUNPATH_SEARCH_PATHS = "$(inherited) @executable_path/Frameworks @loader_path/Frameworks";
				PRODUCT_NAME = "$(TARGET_NAME)";
				TEST_HOST = "$(BUILT_PRODUCTS_DIR)/LionsAndTigers.app/LionsAndTigers";
			};
			name = Release;
		};
/* End XCBuildConfiguration section */

/* Begin XCConfigurationList section */
		1674B59719E72DC200D2DBB3 /* Build configuration list for PBXProject "LionsAndTigers" */ = {
			isa = XCConfigurationList;
			buildConfigurations = (
				1674B5BD19E72DC200D2DBB3 /* Debug */,
				1674B5BE19E72DC200D2DBB3 /* Release */,
			);
			defaultConfigurationIsVisible = 0;
			defaultConfigurationName = Release;
		};
		1674B5BF19E72DC200D2DBB3 /* Build configuration list for PBXNativeTarget "LionsAndTigers" */ = {
			isa = XCConfigurationList;
			buildConfigurations = (
				1674B5C019E72DC200D2DBB3 /* Debug */,
				1674B5C119E72DC200D2DBB3 /* Release */,
			);
			defaultConfigurationIsVisible = 0;
			defaultConfigurationName = Release;
		};
		1674B5C219E72DC200D2DBB3 /* Build configuration list for PBXNativeTarget "LionsAndTigersTests" */ = {
			isa = XCConfigurationList;
			buildConfigurations = (
				1674B5C319E72DC200D2DBB3 /* Debug */,
				1674B5C419E72DC200D2DBB3 /* Release */,
			);
			defaultConfigurationIsVisible = 0;
			defaultConfigurationName = Release;
		};
/* End XCConfigurationList section */
	};
	rootObject = 1674B59419E72DC200D2DBB3 /* Project object */;
}
